
Microsoft Visual Studio Solution File, Format Version 12.00
# Visual Studio Version 17
VisualStudioVersion = 17.8.34330.188
MinimumVisualStudioVersion = 10.0.40219.1
Project("{FAE04EC0-301F-11D3-BF4B-00C04F79EFBC}") = "LCBaboongulls", "LCBaboongulls\LCBaboongulls.csproj", "{7F86BB4C-C728-410A-9B91-EF7550B1F875}"
EndProject
Global
	GlobalSection(SolutionConfigurationPlatforms) = preSolution
		Debug|Any CPU = Debug|Any CPU
		Release|Any CPU = Release|Any CPU
	EndGlobalSection
	GlobalSection(ProjectConfigurationPlatforms) = postSolution
		{7F86BB4C-C728-410A-9B91-EF7550B1F875}.Debug|Any CPU.ActiveCfg = Debug|Any CPU
		{7F86BB4C-C728-410A-9B91-EF7550B1F875}.Debug|Any CPU.Build.0 = Debug|Any CPU
		{7F86BB4C-C728-410A-9B91-EF7550B1F875}.Release|Any CPU.ActiveCfg = Release|Any CPU
		{7F86BB4C-C728-410A-9B91-EF7550B1F875}.Release|Any CPU.Build.0 = Release|Any CPU
	EndGlobalSection
	GlobalSection(SolutionProperties) = preSolution
		HideSolutionNode = FALSE
	EndGlobalSection
	GlobalSection(ExtensibilityGlobals) = postSolution
		SolutionGuid = {08CFAEEA-D223-40DB-8AD9-5DFD68B31B76}
	EndGlobalSection
EndGlobal
